{
  "version": 4,
  "terraform_version": "1.7.5",
  "serial": 367,
  "lineage": "369e0cdf-f19a-0f8b-d8b0-8bc59636dec8",
  "outputs": {},
  "resources": [
    {
      "module": "module.Network",
      "mode": "managed",
      "type": "aws_subnet",
      "name": "sub1",
      "provider": "provider[\"registry.terraform.io/hashicorp/aws\"]",
      "instances": [
        {
          "schema_version": 1,
          "attributes": {
            "arn": "arn:aws:ec2:us-east-1:339712741355:subnet/subnet-09b7773adcc1f793a",
            "assign_ipv6_address_on_creation": false,
            "availability_zone": "us-east-1a",
            "availability_zone_id": "use1-az4",
            "cidr_block": "10.1.1.0/24",
            "customer_owned_ipv4_pool": "",
            "enable_dns64": false,
            "enable_lni_at_device_index": 0,
            "enable_resource_name_dns_a_record_on_launch": false,
            "enable_resource_name_dns_aaaa_record_on_launch": false,
            "id": "subnet-09b7773adcc1f793a",
            "ipv6_cidr_block": "",
            "ipv6_cidr_block_association_id": "",
            "ipv6_native": false,
            "map_customer_owned_ip_on_launch": false,
            "map_public_ip_on_launch": true,
            "outpost_arn": "",
            "owner_id": "339712741355",
            "private_dns_hostname_type_on_launch": "ip-name",
            "tags": {
              "Name": "sub1"
            },
            "tags_all": {
              "Name": "sub1"
            },
            "timeouts": null,
            "vpc_id": "vpc-09f886ab17d5b12c7"
          },
          "sensitive_attributes": [],
          "private": "eyJlMmJmYjczMC1lY2FhLTExZTYtOGY4OC0zNDM2M2JjN2M0YzAiOnsiY3JlYXRlIjo2MDAwMDAwMDAwMDAsImRlbGV0ZSI6MTIwMDAwMDAwMDAwMH0sInNjaGVtYV92ZXJzaW9uIjoiMSJ9",
          "dependencies": [
            "module.Network.aws_vpc.Demo"
          ]
        }
      ]
    },
    {
      "module": "module.Network",
      "mode": "managed",
      "type": "aws_subnet",
      "name": "sub2",
      "provider": "provider[\"registry.terraform.io/hashicorp/aws\"]",
      "instances": [
        {
          "schema_version": 1,
          "attributes": {
            "arn": "arn:aws:ec2:us-east-1:339712741355:subnet/subnet-0d875e6b92dbfd27c",
            "assign_ipv6_address_on_creation": false,
            "availability_zone": "us-east-1b",
            "availability_zone_id": "use1-az6",
            "cidr_block": "10.1.2.0/24",
            "customer_owned_ipv4_pool": "",
            "enable_dns64": false,
            "enable_lni_at_device_index": 0,
            "enable_resource_name_dns_a_record_on_launch": false,
            "enable_resource_name_dns_aaaa_record_on_launch": false,
            "id": "subnet-0d875e6b92dbfd27c",
            "ipv6_cidr_block": "",
            "ipv6_cidr_block_association_id": "",
            "ipv6_native": false,
            "map_customer_owned_ip_on_launch": false,
            "map_public_ip_on_launch": true,
            "outpost_arn": "",
            "owner_id": "339712741355",
            "private_dns_hostname_type_on_launch": "ip-name",
            "tags": {
              "Name": "sub2"
            },
            "tags_all": {
              "Name": "sub2"
            },
            "timeouts": null,
            "vpc_id": "vpc-09f886ab17d5b12c7"
          },
          "sensitive_attributes": [],
          "private": "eyJlMmJmYjczMC1lY2FhLTExZTYtOGY4OC0zNDM2M2JjN2M0YzAiOnsiY3JlYXRlIjo2MDAwMDAwMDAwMDAsImRlbGV0ZSI6MTIwMDAwMDAwMDAwMH0sInNjaGVtYV92ZXJzaW9uIjoiMSJ9",
          "dependencies": [
            "module.Network.aws_vpc.Demo"
          ]
        }
      ]
    },
    {
      "module": "module.Network",
      "mode": "managed",
      "type": "aws_vpc",
      "name": "Demo",
      "provider": "provider[\"registry.terraform.io/hashicorp/aws\"]",
      "instances": [
        {
          "schema_version": 1,
          "attributes": {
            "arn": "arn:aws:ec2:us-east-1:339712741355:vpc/vpc-09f886ab17d5b12c7",
            "assign_generated_ipv6_cidr_block": false,
            "cidr_block": "10.1.0.0/16",
            "default_network_acl_id": "acl-001a577a8dc8144d2",
            "default_route_table_id": "rtb-0ec162d1142d73fa9",
            "default_security_group_id": "sg-0195ab46d59ce28e0",
            "dhcp_options_id": "dopt-089b0aed64c618522",
            "enable_dns_hostnames": false,
            "enable_dns_support": true,
            "enable_network_address_usage_metrics": false,
            "id": "vpc-09f886ab17d5b12c7",
            "instance_tenancy": "default",
            "ipv4_ipam_pool_id": null,
            "ipv4_netmask_length": null,
            "ipv6_association_id": "",
            "ipv6_cidr_block": "",
            "ipv6_cidr_block_network_border_group": "",
            "ipv6_ipam_pool_id": "",
            "ipv6_netmask_length": 0,
            "main_route_table_id": "rtb-0ec162d1142d73fa9",
            "owner_id": "339712741355",
            "tags": {
              "Environment": "TEST",
              "Name": "Demo"
            },
            "tags_all": {
              "Environment": "TEST",
              "Name": "Demo"
            }
          },
          "sensitive_attributes": [],
          "private": "eyJzY2hlbWFfdmVyc2lvbiI6IjEifQ=="
        }
      ]
    },
    {
      "module": "module.ecs",
      "mode": "managed",
      "type": "aws_ecs_cluster_capacity_providers",
      "name": "cluster_cp",
      "provider": "module.ecs.provider[\"registry.terraform.io/hashicorp/aws\"]",
      "instances": [
        {
          "schema_version": 0,
          "attributes": {
            "capacity_providers": [
              "FARGATE"
            ],
            "cluster_name": "demo_ecs_cluster",
            "default_capacity_provider_strategy": [
              {
                "base": 1,
                "capacity_provider": "FARGATE",
                "weight": 100
              }
            ],
            "id": "demo_ecs_cluster"
          },
          "sensitive_attributes": [],
          "private": "bnVsbA=="
        }
      ]
    },
    {
      "module": "module.eks",
      "mode": "data",
      "type": "aws_iam_policy_document",
      "name": "assume_role",
      "provider": "module.eks.provider[\"registry.terraform.io/hashicorp/aws\"]",
      "instances": [
        {
          "schema_version": 0,
          "attributes": {
            "id": "3552664922",
            "json": "{\n  \"Version\": \"2012-10-17\",\n  \"Statement\": [\n    {\n      \"Effect\": \"Allow\",\n      \"Action\": \"sts:AssumeRole\",\n      \"Principal\": {\n        \"Service\": \"eks.amazonaws.com\"\n      }\n    }\n  ]\n}",
            "override_json": null,
            "override_policy_documents": null,
            "policy_id": null,
            "source_json": null,
            "source_policy_documents": null,
            "statement": [
              {
                "actions": [
                  "sts:AssumeRole"
                ],
                "condition": [],
                "effect": "Allow",
                "not_actions": [],
                "not_principals": [],
                "not_resources": [],
                "principals": [
                  {
                    "identifiers": [
                      "eks.amazonaws.com"
                    ],
                    "type": "Service"
                  }
                ],
                "resources": [],
                "sid": ""
              }
            ],
            "version": "2012-10-17"
          },
          "sensitive_attributes": []
        }
      ]
    },
    {
      "module": "module.eks",
      "mode": "managed",
      "type": "aws_eks_cluster",
      "name": "eks_main_cluster",
      "provider": "module.eks.provider[\"registry.terraform.io/hashicorp/aws\"]",
      "instances": [
        {
          "schema_version": 0,
          "attributes": {
            "access_config": [
              {
                "authentication_mode": "CONFIG_MAP",
                "bootstrap_cluster_creator_admin_permissions": false
              }
            ],
            "arn": "arn:aws:eks:us-east-1:339712741355:cluster/demo_eks_cluster",
            "certificate_authority": [
              {
                "data": "LS0tLS1CRUdJTiBDRVJUSUZJQ0FURS0tLS0tCk1JSURCVENDQWUyZ0F3SUJBZ0lJTEVRWDhyZXB6RGt3RFFZSktvWklodmNOQVFFTEJRQXdGVEVUTUJFR0ExVUUKQXhNS2EzVmlaWEp1WlhSbGN6QWVGdzB5TkRBME1UY3hNVE0yTWpaYUZ3MHpOREEwTVRVeE1UUXhNalphTUJVeApFekFSQmdOVkJBTVRDbXQxWW1WeWJtVjBaWE13Z2dFaU1BMEdDU3FHU0liM0RRRUJBUVVBQTRJQkR3QXdnZ0VLCkFvSUJBUUNpNjV3NXo0Sm1SNFI4aXpZOFlSNjZhQUZvRVVCMy9wZllnQ0srUVVRaVZpUkZhUXVuY3RMeUtyTk8KNjlTZFpOSHVXQkNHRC9pQjg0TCtTTmhHRXlCWXRJL1lUNGxydCtUL1c0YVZvK1JXS0dtU2Ntd0FPaFJuSTkwRwpNc3dZbkhEMFAzdlVDK1lWemxhNFdtM0NVd0JWQ1ZkMUpDcWxRaS9yblBnNldSbjMyNE5KcDR4NmFGTmxpc0Q2CjhLbU9EV1JuL0RwOW85NG51L3JYdGNCUEhnUHZSZTVrZVk3aVlvQ0hGRWNHU3V6NGZRU2RKQndSTDhmT2VZVE4Kby9Mci9nQkVBTVAzaFJDdkV0c2F5ZmNneTBGcFlYNXAxVkxlVk90cENUZ3psVEoxaVZyZ2d0TVBoUFhCS1BvKwozN2hZK3lPNlFCc3RTSXFWd2JzdXBhRkZDdks5QWdNQkFBR2pXVEJYTUE0R0ExVWREd0VCL3dRRUF3SUNwREFQCkJnTlZIUk1CQWY4RUJUQURBUUgvTUIwR0ExVWREZ1FXQkJTcGdLaDFkRWFwU1FqOWp5eGt6WStxWUxJK1dqQVYKQmdOVkhSRUVEakFNZ2dwcmRXSmxjbTVsZEdWek1BMEdDU3FHU0liM0RRRUJDd1VBQTRJQkFRQ1VCT2FTY2ZiQgpaRmdENHc0c3Y3dGpja2tsaitTN00zRlUzVS9OVFV5b1BoOS8xOEJENnIwWkZMWWFncnhRQ2g0VjNYTFZnMTR3CnpPSmplWTFhbHNPRVMrQytxYThzeVBRQzBKK2lpWWwrYzFyRDN4ZXBiOUJvTkR1RDdtYTlUaFZYdWwrMUxrN0MKRlBTTFU3UEFyZFhmcDNKWGtmZWcxY3AzRzVwSy9pRG9PV2thcnMzcU1HejJzcGN5WG9ZaDdKNWhKQ2NiV01reQo1Uk9DTGgrM3ZoU0VlaHN4MHZwcDlNY2tRd1lja0tIcC9qUXUvUUpLbnovK3BzZkJwSXF3dXFjZ1ZtcTNaUHMzCmUyVE9XRWxHRGZPRExmQjYrVzh1Szk5cGdCekI4ODhqWUFoakxHdytKSjU5N0ZHaVZlbSthSUR0cm9zRE1nL1QKVFh1VGcxcEU2V0VyCi0tLS0tRU5EIENFUlRJRklDQVRFLS0tLS0K"
              }
            ],
            "cluster_id": null,
            "created_at": "2024-04-17 11:36:32.929 +0000 UTC",
            "enabled_cluster_log_types": [],
            "encryption_config": [],
            "endpoint": "https://5CCBE5A91EFA73E69C2C686C8158FAB2.sk1.us-east-1.eks.amazonaws.com",
            "id": "demo_eks_cluster",
            "identity": [
              {
                "oidc": [
                  {
                    "issuer": "https://oidc.eks.us-east-1.amazonaws.com/id/5CCBE5A91EFA73E69C2C686C8158FAB2"
                  }
                ]
              }
            ],
            "kubernetes_network_config": [
              {
                "ip_family": "ipv4",
                "service_ipv4_cidr": "172.20.0.0/16",
                "service_ipv6_cidr": ""
              }
            ],
            "name": "demo_eks_cluster",
            "outpost_config": [],
            "platform_version": "eks.6",
            "role_arn": "arn:aws:iam::339712741355:role/eks-Cluster",
            "status": "ACTIVE",
            "tags": {},
            "tags_all": {},
            "timeouts": null,
            "version": "1.29",
            "vpc_config": [
              {
                "cluster_security_group_id": "sg-05f014795f92a39be",
                "endpoint_private_access": false,
                "endpoint_public_access": true,
                "public_access_cidrs": [
                  "0.0.0.0/0"
                ],
                "security_group_ids": [],
                "subnet_ids": [
                  "subnet-09b7773adcc1f793a",
                  "subnet-0d875e6b92dbfd27c"
                ],
                "vpc_id": "vpc-09f886ab17d5b12c7"
              }
            ]
          },
          "sensitive_attributes": [],
          "private": "eyJlMmJmYjczMC1lY2FhLTExZTYtOGY4OC0zNDM2M2JjN2M0YzAiOnsiY3JlYXRlIjoxODAwMDAwMDAwMDAwLCJkZWxldGUiOjkwMDAwMDAwMDAwMCwidXBkYXRlIjozNjAwMDAwMDAwMDAwfX0=",
          "dependencies": [
            "module.Network.aws_subnet.sub1",
            "module.Network.aws_subnet.sub2",
            "module.Network.aws_vpc.Demo",
            "module.eks.aws_iam_role.eks_Cluster",
            "module.eks.aws_iam_role_policy_attachment.AmazonEKSClusterPolicy",
            "module.eks.aws_iam_role_policy_attachment.AmazonEKSVPCResourceController",
            "module.eks.data.aws_iam_policy_document.assume_role"
          ]
        }
      ]
    },
    {
      "module": "module.eks",
      "mode": "managed",
      "type": "aws_eks_node_group",
      "name": "eks_nodeGroup",
      "provider": "module.eks.provider[\"registry.terraform.io/hashicorp/aws\"]",
      "instances": [
        {
          "status": "tainted",
          "schema_version": 0,
          "attributes": {
            "ami_type": "AL2_x86_64",
            "arn": "arn:aws:eks:us-east-1:339712741355:nodegroup/demo_eks_cluster/demo_node_ng/28c775ef-fbb2-43ad-093d-d181534eead9",
            "capacity_type": "ON_DEMAND",
            "cluster_name": "demo_eks_cluster",
            "disk_size": 20,
            "force_update_version": null,
            "id": "demo_eks_cluster:demo_node_ng",
            "instance_types": [
              "t3.medium"
            ],
            "labels": {},
            "launch_template": [],
            "node_group_name": "demo_node_ng",
            "node_group_name_prefix": "",
            "node_role_arn": "arn:aws:iam::339712741355:role/eksNodeGroupRole",
            "release_version": "1.29.0-20240409",
            "remote_access": [],
            "resources": [],
            "scaling_config": [
              {
                "desired_size": 1,
                "max_size": 1,
                "min_size": 1
              }
            ],
            "status": "CREATING",
            "subnet_ids": [
              "subnet-09b7773adcc1f793a",
              "subnet-0d875e6b92dbfd27c"
            ],
            "tags": {},
            "tags_all": {},
            "taint": [],
            "timeouts": null,
            "update_config": [
              {
                "max_unavailable": 1,
                "max_unavailable_percentage": 0
              }
            ],
            "version": "1.29"
          },
          "sensitive_attributes": [],
          "private": "eyJlMmJmYjczMC1lY2FhLTExZTYtOGY4OC0zNDM2M2JjN2M0YzAiOnsiY3JlYXRlIjozNjAwMDAwMDAwMDAwLCJkZWxldGUiOjM2MDAwMDAwMDAwMDAsInVwZGF0ZSI6MzYwMDAwMDAwMDAwMH19",
          "dependencies": [
            "module.Network.aws_subnet.sub1",
            "module.Network.aws_subnet.sub2",
            "module.Network.aws_vpc.Demo",
            "module.eks.aws_eks_cluster.eks_main_cluster",
            "module.eks.aws_iam_role.eks_Cluster",
            "module.eks.aws_iam_role.eks_nodeGroup",
            "module.eks.aws_iam_role_policy_attachment.AmazonEKSClusterPolicy",
            "module.eks.aws_iam_role_policy_attachment.AmazonEKSVPCResourceController",
            "module.eks.data.aws_iam_policy_document.assume_role"
          ]
        }
      ]
    },
    {
      "module": "module.eks",
      "mode": "managed",
      "type": "aws_iam_role",
      "name": "eks_Cluster",
      "provider": "module.eks.provider[\"registry.terraform.io/hashicorp/aws\"]",
      "instances": [
        {
          "schema_version": 0,
          "attributes": {
            "arn": "arn:aws:iam::339712741355:role/eks-Cluster",
            "assume_role_policy": "{\"Statement\":[{\"Action\":\"sts:AssumeRole\",\"Effect\":\"Allow\",\"Principal\":{\"Service\":\"eks.amazonaws.com\"}}],\"Version\":\"2012-10-17\"}",
            "create_date": "2024-04-17T11:36:12Z",
            "description": "",
            "force_detach_policies": false,
            "id": "eks-Cluster",
            "inline_policy": [],
            "managed_policy_arns": [
              "arn:aws:iam::aws:policy/AmazonEKSClusterPolicy",
              "arn:aws:iam::aws:policy/AmazonEKSServicePolicy",
              "arn:aws:iam::aws:policy/AmazonEKSVPCResourceController"
            ],
            "max_session_duration": 3600,
            "name": "eks-Cluster",
            "name_prefix": "",
            "path": "/",
            "permissions_boundary": "",
            "tags": {},
            "tags_all": {},
            "unique_id": "AROAU6GDVB7V5ALTIKFGO"
          },
          "sensitive_attributes": [],
          "private": "bnVsbA==",
          "dependencies": [
            "module.eks.data.aws_iam_policy_document.assume_role"
          ]
        }
      ]
    },
    {
      "module": "module.eks",
      "mode": "managed",
      "type": "aws_iam_role",
      "name": "eks_nodeGroup",
      "provider": "module.eks.provider[\"registry.terraform.io/hashicorp/aws\"]",
      "instances": [
        {
          "schema_version": 0,
          "attributes": {
            "arn": "arn:aws:iam::339712741355:role/eksNodeGroupRole",
            "assume_role_policy": "{\"Statement\":[{\"Action\":\"sts:AssumeRole\",\"Effect\":\"Allow\",\"Principal\":{\"Service\":\"ec2.amazonaws.com\"}}],\"Version\":\"2012-10-17\"}",
            "create_date": "2024-04-17T11:36:12Z",
            "description": "",
            "force_detach_policies": false,
            "id": "eksNodeGroupRole",
            "inline_policy": [],
            "managed_policy_arns": [
              "arn:aws:iam::aws:policy/AmazonEC2ContainerRegistryReadOnly",
              "arn:aws:iam::aws:policy/AmazonEKSWorkerNodePolicy",
              "arn:aws:iam::aws:policy/AmazonEKS_CNI_Policy"
            ],
            "max_session_duration": 3600,
            "name": "eksNodeGroupRole",
            "name_prefix": "",
            "path": "/",
            "permissions_boundary": "",
            "tags": {},
            "tags_all": {},
            "unique_id": "AROAU6GDVB7V4N4Q7SA7Y"
          },
          "sensitive_attributes": [],
          "private": "bnVsbA=="
        }
      ]
    },
    {
      "module": "module.eks",
      "mode": "managed",
      "type": "aws_iam_role_policy_attachment",
      "name": "AmazonEKSClusterPolicy",
      "provider": "module.eks.provider[\"registry.terraform.io/hashicorp/aws\"]",
      "instances": [
        {
          "schema_version": 0,
          "attributes": {
            "id": "eks-Cluster-20240417113559239200000001",
            "policy_arn": "arn:aws:iam::aws:policy/AmazonEKSClusterPolicy",
            "role": "eks-Cluster"
          },
          "sensitive_attributes": [],
          "private": "bnVsbA==",
          "dependencies": [
            "module.eks.aws_iam_role.eks_Cluster",
            "module.eks.data.aws_iam_policy_document.assume_role"
          ]
        }
      ]
    },
    {
      "module": "module.eks",
      "mode": "managed",
      "type": "aws_iam_role_policy_attachment",
      "name": "AmazonEKSVPCResourceController",
      "provider": "module.eks.provider[\"registry.terraform.io/hashicorp/aws\"]",
      "instances": [
        {
          "schema_version": 0,
          "attributes": {
            "id": "eks-Cluster-20240417113559515000000003",
            "policy_arn": "arn:aws:iam::aws:policy/AmazonEKSVPCResourceController",
            "role": "eks-Cluster"
          },
          "sensitive_attributes": [],
          "private": "bnVsbA==",
          "dependencies": [
            "module.eks.aws_iam_role.eks_Cluster",
            "module.eks.data.aws_iam_policy_document.assume_role"
          ]
        }
      ]
    }
  ],
  "check_results": [
    {
      "object_kind": "var",
      "config_addr": "module.eks.module.istio.var.istio_internal_gateway_service_kind",
      "status": "unknown",
      "objects": null
    },
    {
      "object_kind": "var",
      "config_addr": "module.eks.module.istio.var.istio_external_gateway_service_kind",
      "status": "unknown",
      "objects": null
    }
  ]
}
